{
  "version": 1,
  "repoFingerprint": "699fcc6125f3b3b8",
  "files": {
    "eslint.config.js": "ff9ca3c2bc7f22b4",
    "fixtures/artifacts/large-source.ts": "2afa34ee065cd028",
    "fixtures/artifacts/sample.py": "9259cad19b669da6",
    "fixtures/repos/chalk-heavy-build/scripts/verbose-build.mjs": "d5c27b336bf2ca41",
    "fixtures/repos/chalk-heavy-build/source/index.d.ts": "f3f76db6e76bc76d",
    "fixtures/repos/chalk-heavy-build/source/index.js": "64b22b1c442e6d46",
    "fixtures/repos/chalk-heavy-build/source/utilities.js": "9435436ccc01b0d3",
    "fixtures/repos/chalk-heavy-build/source/vendor/ansi-styles/index.d.ts": "acfed6cc001e7f7f",
    "fixtures/repos/chalk-heavy-build/source/vendor/ansi-styles/index.js": "92efdc3e5203d02d",
    "fixtures/repos/chalk-heavy-build/source/vendor/supports-color/index.d.ts": "f61a4dc92450609c",
    "fixtures/repos/chalk-heavy-build/source/vendor/supports-color/index.js": "e82368a5f05d145e",
    "fixtures/repos/chalk-heavy-build/test/chalk.js": "eb15d65d84f303af",
    "fixtures/repos/chalk-heavy-test/source/index.d.ts": "59c1372edd7f055a",
    "fixtures/repos/chalk-heavy-test/source/index.js": "d953987ff7952177",
    "fixtures/repos/chalk-heavy-test/source/utilities.js": "5c57cf3a06cc0912",
    "fixtures/repos/chalk-heavy-test/source/vendor/ansi-styles/index.d.ts": "cc3a3d4964f88fd9",
    "fixtures/repos/chalk-heavy-test/source/vendor/ansi-styles/index.js": "55a6b8b22bedb3f3",
    "fixtures/repos/chalk-heavy-test/source/vendor/supports-color/index.d.ts": "e2903ef033046be9",
    "fixtures/repos/chalk-heavy-test/source/vendor/supports-color/index.js": "84cf711ce62f2c24",
    "fixtures/repos/chalk-heavy-test/test/heavy.test.mjs": "c3840ba00b2bc707",
    "fixtures/repos/chalk/source/index.d.ts": "f3f76db6e76bc76d",
    "fixtures/repos/chalk/source/index.js": "64b22b1c442e6d46",
    "fixtures/repos/chalk/source/utilities.js": "698ce3cb21b00b57",
    "fixtures/repos/chalk/source/vendor/ansi-styles/index.d.ts": "acfed6cc001e7f7f",
    "fixtures/repos/chalk/source/vendor/ansi-styles/index.js": "92efdc3e5203d02d",
    "fixtures/repos/chalk/source/vendor/supports-color/index.d.ts": "f61a4dc92450609c",
    "fixtures/repos/chalk/source/vendor/supports-color/index.js": "e82368a5f05d145e",
    "fixtures/repos/chalk/test/chalk.js": "eb15d65d84f303af",
    "fixtures/repos/failing-tsc-build/scripts/build.mjs": "845e9711a6a26d03",
    "fixtures/repos/repo-a/src/service.ts": "2a9e080f30151f31",
    "fixtures/repos/repo-a/src/store.ts": "5f7a83d9896466fa",
    "fixtures/repos/repo-a/test/service.test.ts": "d183026b5db64091",
    "fixtures/repos/repo-b/pkg/parser.py": "c3d2f04d308afb9e",
    "fixtures/repos/repo-b/pkg/report.js": "9ef17dd209d93deb",
    "packages/hooks/src/handlers.ts": "ed8170740eabc04c",
    "packages/hooks/src/hook-main.ts": "432e72e07d5120a8",
    "packages/hooks/src/index.ts": "232377ed88807c47",
    "packages/hooks/src/pipe-allowlist.ts": "f84c766af4f72577",
    "packages/hooks/test/handlers.test.ts": "c81e04e4560bf834",
    "packages/hooks/test/index.test.ts": "258fb0dedd59857e",
    "packages/hooks/test/pipe-rewrite.test.ts": "92295ba4a112c1a6",
    "packages/mcp/src/config.ts": "12d87e34f23efc44",
    "packages/mcp/src/index.ts": "3ba4a35350c124a7",
    "packages/mcp/src/main.ts": "703b6c3b71e2e2a5",
    "packages/mcp/src/server.ts": "f7fbcb0edd644f8e",
    "packages/mcp/test/config.test.ts": "278566beb85a0356",
    "packages/mcp/test/index.test.ts": "11c5c109167c3e04",
    "packages/mcp/test/port-isolation.test.ts": "05b8fc746ae736be",
    "packages/mcp/test/server.test.ts": "cd9342a76eecd434",
    "packages/mcp/test/zoom-handle.test.ts": "ee434dda45b10d49",
    "packages/meter/src/audit-render.ts": "069761d8f6148343",
    "packages/meter/src/badge.ts": "449db0096ba2a961",
    "packages/meter/src/bench.ts": "fd4db3cd88076967",
    "packages/meter/src/candidates-render.ts": "41fbe441370e9ef4",
    "packages/meter/src/claude-compat.ts": "d26fc4ed04fe7849",
    "packages/meter/src/cli.ts": "435c54cf0c0df150",
    "packages/meter/src/cost.ts": "21e3b608ec2a18a5",
    "packages/meter/src/discipline.ts": "7fa68a459239f57f",
    "packages/meter/src/doctor.ts": "05da16aa16f6722d",
    "packages/meter/src/energy.ts": "9c7ae872c20fce6c",
    "packages/meter/src/index.ts": "8b24bdb4fdbd1116",
    "packages/meter/src/installer.ts": "f57021247c395a11",
    "packages/meter/src/ledger.ts": "cfb870cec5663f95",
    "packages/meter/src/parser.ts": "57340641b4b80b81",
    "packages/meter/src/pipe.ts": "397e2ab840c338bb",
    "packages/meter/src/receipt.ts": "f8ebc64eb75f7a24",
    "packages/meter/src/report.ts": "547bc38e89547938",
    "packages/meter/src/safe-spawn.ts": "2f1cdd8481bf537d",
    "packages/meter/src/scoring.ts": "5c6a5d6a125cc78c",
    "packages/meter/src/sidecar-cli.ts": "3c812c43b1509a68",
    "packages/meter/test/audit-render.test.ts": "7603a5490f6f1680",
    "packages/meter/test/badge.test.ts": "a65f8a991e800ea9",
    "packages/meter/test/bench.test.ts": "71b8af75217aea0c",
    "packages/meter/test/bin.test.ts": "65bc4a5a3044f073",
    "packages/meter/test/candidates-render.test.ts": "309a1eecdbccbd65",
    "packages/meter/test/cli-args.test.ts": "ef0f60fc6bdea2c7",
    "packages/meter/test/cost.test.ts": "362fbd5f1b15aec3",
    "packages/meter/test/discipline.test.ts": "aa4f484012d2225a",
    "packages/meter/test/doctor.test.ts": "2740ecd6337fd50d",
    "packages/meter/test/e2e-smoke.test.ts": "fb97b31d3802d725",
    "packages/meter/test/energy.test.ts": "defce14488bad12a",
    "packages/meter/test/index.test.ts": "2978912d3fb5fc60",
    "packages/meter/test/installer.test.ts": "60d63182188ccb18",
    "packages/meter/test/ledger.test.ts": "0fd0bf1e48185abe",
    "packages/meter/test/mirror-e2e.test.ts": "033cf72fa138e786",
    "packages/meter/test/pack.test.ts": "ac0aa6a7e970a585",
    "packages/meter/test/parser.test.ts": "06967a11e48d4947",
    "packages/meter/test/pipe-e2e.test.ts": "becb3ca24842ed98",
    "packages/meter/test/pipe.test.ts": "940f833dbf3b5d04",
    "packages/meter/test/readme.test.ts": "8caff42eb6f834c5",
    "packages/meter/test/receipt.test.ts": "70f48d6c18c98362",
    "packages/meter/test/report.test.ts": "4709054e95bec4f4",
    "packages/meter/test/safe-spawn.test.ts": "16940e321bff2325",
    "packages/meter/test/scoring.test.ts": "51a78b96de1aad3e",
    "packages/meter/test/security.test.ts": "312633166a7d28f5",
    "packages/meter/test/sidecar-cli.test.ts": "72072cf633543e7f",
    "packages/shared/src/audit-file.ts": "13b4f1ab3be7c581",
    "packages/shared/src/candidates-file.ts": "c5f91415bc11abd7",
    "packages/shared/src/confidence.ts": "d630529fe8ada5ce",
    "packages/shared/src/index.ts": "40c1b3ef81d4a9f5",
    "packages/shared/src/limits.ts": "139238d28bedd5ea",
    "packages/shared/src/schemas.ts": "a78754029e3b456d",
    "packages/shared/src/yaml.ts": "bed7dde42f2b6f73",
    "packages/shared/test/candidates-file.test.ts": "d4d592e0667ee82b",
    "packages/shared/test/confidence.test.ts": "d8e162429e33d5d0",
    "packages/shared/test/limits.test.ts": "efa5d4473a2da8b1",
    "packages/shared/test/schemas.test.ts": "db03cc4261cd360f",
    "packages/shared/test/yaml.test.ts": "df1a1a9d352ab0a4",
    "packages/sidecar/src/audit.ts": "7befe5054daebfd9",
    "packages/sidecar/src/client.ts": "5d6a5fe8aab33a73",
    "packages/sidecar/src/codex.ts": "e72de01463cbdce7",
    "packages/sidecar/src/daemon-main.ts": "9059e2c1ed170d85",
    "packages/sidecar/src/daemon.ts": "6fcbe1489b04486e",
    "packages/sidecar/src/distill.ts": "c495b2bfef0e6f66",
    "packages/sidecar/src/explore.ts": "5006942c3579c836",
    "packages/sidecar/src/gates.ts": "07932b069c4e34cf",
    "packages/sidecar/src/graduation.ts": "3dcc0a77e769105e",
    "packages/sidecar/src/index.ts": "0393dc0d0ebe2785",
    "packages/sidecar/src/llm.ts": "34c91f059665933a",
    "packages/sidecar/src/log.ts": "76c6b6a915a42baf",
    "packages/sidecar/src/mirror.ts": "c886d8660c7f8f85",
    "packages/sidecar/src/redact.ts": "087f622d35b21373",
    "packages/sidecar/src/serve.ts": "98f830d3ee17798b",
    "packages/sidecar/src/skeleton.ts": "4924d777d346a3a2",
    "packages/sidecar/src/state.ts": "5bb5bf7075cb32f6",
    "packages/sidecar/src/store.ts": "fe70ac18151d6c17",
    "packages/sidecar/test/audit.test.ts": "31848081bf3b4ac9",
    "packages/sidecar/test/build-log-verdict.test.ts": "c4f5ccfe51f4c6f7",
    "packages/sidecar/test/codex.test.ts": "f1d62a9dbbc26325",
    "packages/sidecar/test/daemon-distill.test.ts": "490366e794763188",
    "packages/sidecar/test/daemon-explore.test.ts": "26f6dcce68115e3e",
    "packages/sidecar/test/daemon-isolation.test.ts": "65e2b53f31b04b36",
    "packages/sidecar/test/daemon.test.ts": "0eed3ead6f28fc46",
    "packages/sidecar/test/distill.test.ts": "475bd8985690c57e",
    "packages/sidecar/test/enrichment.test.ts": "50f68e68d2b7f8a7",
    "packages/sidecar/test/explore.test.ts": "d6e6e23f0b496235",
    "packages/sidecar/test/gates.test.ts": "cd2218a7afff6f2d",
    "packages/sidecar/test/graduation-pass.test.ts": "21c205ee206b871d",
    "packages/sidecar/test/graduation-trigger.test.ts": "2afa6ea9bd4747bb",
    "packages/sidecar/test/graduation.test.ts": "2c1321ea7d2a7b5d",
    "packages/sidecar/test/index.test.ts": "1fcb1e5abdfcba14",
    "packages/sidecar/test/injection-budget.test.ts": "7a0bcd4dcac0bdec",
    "packages/sidecar/test/mirror.test.ts": "212bf1d3bd3d1a17",
    "packages/sidecar/test/redact.test.ts": "63a9ba3922f68c5e",
    "packages/sidecar/test/serve.test.ts": "f2e6c0b31bf53fc2",
    "packages/sidecar/test/session-attribution.test.ts": "b657e1897d907de8",
    "packages/sidecar/test/state.test.ts": "09dd350adc6dcd05",
    "packages/sidecar/test/store.test.ts": "ed1efdba850f8452",
    "packages/sidecar/test/zoom-file-ref.test.ts": "1b80ee4c654b1018",
    "scripts/bench-live.mjs": "71cece0ae00c18a5",
    "scripts/canary.mjs": "dcd0e7035f265efb",
    "scripts/gen-fixtures.mjs": "e4041dd7bd930f62",
    "scripts/measure-ratios.mjs": "079bdca601d0425f",
    "scripts/prepublish-check.mjs": "b88a050aa6562852",
    "scripts/sbom.mjs": "3fd660811b659aad",
    "vitest.workspace.ts": "e7bfa39b80ce734c"
  }
}
