{
  "version": 1,
  "repoFingerprint": "49f23e6a417ec2c1",
  "files": {
    "eslint.config.js": "4b9c39e50d3c1b74",
    "fixtures/artifacts/large-source.ts": "2afa34ee065cd028",
    "fixtures/artifacts/sample.py": "9259cad19b669da6",
    "fixtures/repos/repo-a/src/service.ts": "2a9e080f30151f31",
    "fixtures/repos/repo-a/src/store.ts": "5f7a83d9896466fa",
    "fixtures/repos/repo-a/test/service.test.ts": "d183026b5db64091",
    "fixtures/repos/repo-b/pkg/parser.py": "c3d2f04d308afb9e",
    "fixtures/repos/repo-b/pkg/report.js": "9ef17dd209d93deb",
    "packages/hooks/src/handlers.ts": "c6068250b1cab028",
    "packages/hooks/src/hook-main.ts": "fc6c60d183381c2c",
    "packages/hooks/src/index.ts": "232377ed88807c47",
    "packages/hooks/test/handlers.test.ts": "a9870c36bb1369cb",
    "packages/hooks/test/index.test.ts": "258fb0dedd59857e",
    "packages/mcp/src/index.ts": "b4a2b1356425a1b3",
    "packages/mcp/src/main.ts": "3a7d66647ac9427f",
    "packages/mcp/src/server.ts": "145974b3cfce190f",
    "packages/mcp/test/index.test.ts": "11c5c109167c3e04",
    "packages/mcp/test/server.test.ts": "dac09b0976ae85bc",
    "packages/meter/src/audit-render.ts": "069761d8f6148343",
    "packages/meter/src/badge.ts": "449db0096ba2a961",
    "packages/meter/src/bench.ts": "39c8804d2edcb47a",
    "packages/meter/src/claude-compat.ts": "8abdb6222e85fb35",
    "packages/meter/src/cli.ts": "35cb46baab18d7d6",
    "packages/meter/src/cost.ts": "44b677a23512d310",
    "packages/meter/src/discipline.ts": "7fa68a459239f57f",
    "packages/meter/src/doctor.ts": "5db4708a53ce2daa",
    "packages/meter/src/energy.ts": "9c7ae872c20fce6c",
    "packages/meter/src/index.ts": "b2e28c488f625f73",
    "packages/meter/src/installer.ts": "c87d7db47ce0e2ad",
    "packages/meter/src/ledger.ts": "cfb870cec5663f95",
    "packages/meter/src/parser.ts": "b8817f40da20f2db",
    "packages/meter/src/report.ts": "78e35c8f6f70e003",
    "packages/meter/src/scoring.ts": "dfbb1ccb54d261ce",
    "packages/meter/src/sidecar-cli.ts": "3c812c43b1509a68",
    "packages/meter/test/audit-render.test.ts": "7603a5490f6f1680",
    "packages/meter/test/badge.test.ts": "a65f8a991e800ea9",
    "packages/meter/test/bench.test.ts": "fe30586704bdc33e",
    "packages/meter/test/bin.test.ts": "65bc4a5a3044f073",
    "packages/meter/test/cost.test.ts": "7e63c69f65fee16c",
    "packages/meter/test/discipline.test.ts": "aa4f484012d2225a",
    "packages/meter/test/doctor.test.ts": "878354493f56fef1",
    "packages/meter/test/e2e-smoke.test.ts": "62ee36e8dd0efdde",
    "packages/meter/test/energy.test.ts": "defce14488bad12a",
    "packages/meter/test/index.test.ts": "2978912d3fb5fc60",
    "packages/meter/test/installer.test.ts": "aa8c0bfb53350d6e",
    "packages/meter/test/ledger.test.ts": "524c4dfe9be58038",
    "packages/meter/test/pack.test.ts": "827f80ff8ffba3e8",
    "packages/meter/test/parser.test.ts": "d0c7b5d50c3f2384",
    "packages/meter/test/readme.test.ts": "8caff42eb6f834c5",
    "packages/meter/test/report.test.ts": "dfe8f206115dd43f",
    "packages/meter/test/scoring.test.ts": "d803380c3f9759f1",
    "packages/meter/test/security.test.ts": "312633166a7d28f5",
    "packages/meter/test/sidecar-cli.test.ts": "72072cf633543e7f",
    "packages/shared/src/audit-file.ts": "13b4f1ab3be7c581",
    "packages/shared/src/index.ts": "03c2f01db0cd6557",
    "packages/shared/src/limits.ts": "d09955e7b34c53a5",
    "packages/shared/src/schemas.ts": "c684c08c02341b56",
    "packages/shared/src/yaml.ts": "9288401111a74fa5",
    "packages/shared/test/limits.test.ts": "efa5d4473a2da8b1",
    "packages/shared/test/schemas.test.ts": "d2aa218d43d7e505",
    "packages/shared/test/yaml.test.ts": "d4766d3996ec0252",
    "packages/sidecar/src/audit.ts": "7befe5054daebfd9",
    "packages/sidecar/src/client.ts": "5d6a5fe8aab33a73",
    "packages/sidecar/src/codex.ts": "9bff7d40658d8d47",
    "packages/sidecar/src/daemon-main.ts": "9059e2c1ed170d85",
    "packages/sidecar/src/daemon.ts": "cd5e78cb48125715",
    "packages/sidecar/src/distill.ts": "3dd44f0185b5258e",
    "packages/sidecar/src/gates.ts": "07932b069c4e34cf",
    "packages/sidecar/src/index.ts": "80d20da08fc19991",
    "packages/sidecar/src/llm.ts": "34c91f059665933a",
    "packages/sidecar/src/log.ts": "76c6b6a915a42baf",
    "packages/sidecar/src/redact.ts": "087f622d35b21373",
    "packages/sidecar/src/serve.ts": "98f830d3ee17798b",
    "packages/sidecar/src/skeleton.ts": "affeb3c4f1884236",
    "packages/sidecar/src/state.ts": "5bb5bf7075cb32f6",
    "packages/sidecar/src/store.ts": "dc7de3924a91f092",
    "packages/sidecar/test/audit.test.ts": "31848081bf3b4ac9",
    "packages/sidecar/test/codex.test.ts": "4c0ae2bf16d25e79",
    "packages/sidecar/test/daemon-distill.test.ts": "490366e794763188",
    "packages/sidecar/test/daemon.test.ts": "f43c084a9aa946bd",
    "packages/sidecar/test/distill.test.ts": "fad0576d6b45cd42",
    "packages/sidecar/test/gates.test.ts": "cd2218a7afff6f2d",
    "packages/sidecar/test/index.test.ts": "1fcb1e5abdfcba14",
    "packages/sidecar/test/redact.test.ts": "63a9ba3922f68c5e",
    "packages/sidecar/test/serve.test.ts": "f2e6c0b31bf53fc2",
    "packages/sidecar/test/state.test.ts": "09dd350adc6dcd05",
    "packages/sidecar/test/store.test.ts": "ed1efdba850f8452",
    "scripts/canary.mjs": "dcd0e7035f265efb",
    "scripts/gen-fixtures.mjs": "7fd233480c4c9367",
    "scripts/measure-ratios.mjs": "079bdca601d0425f",
    "scripts/prepublish-check.mjs": "b88a050aa6562852",
    "scripts/sbom.mjs": "3fd660811b659aad",
    "vitest.workspace.ts": "e7bfa39b80ce734c"
  }
}
