{
  "version": 1,
  "repoFingerprint": "64735ba993f38d53",
  "files": {
    "eslint.config.js": "4b9c39e50d3c1b74",
    "fixtures/artifacts/large-source.ts": "2afa34ee065cd028",
    "fixtures/artifacts/sample.py": "9259cad19b669da6",
    "fixtures/repos/repo-a/src/service.ts": "2a9e080f30151f31",
    "fixtures/repos/repo-a/src/store.ts": "5f7a83d9896466fa",
    "fixtures/repos/repo-a/test/service.test.ts": "d183026b5db64091",
    "fixtures/repos/repo-b/pkg/parser.py": "c3d2f04d308afb9e",
    "fixtures/repos/repo-b/pkg/report.js": "9ef17dd209d93deb",
    "packages/hooks/src/handlers.ts": "ecea14d54a6c28db",
    "packages/hooks/src/hook-main.ts": "56b520d3f1980cad",
    "packages/hooks/src/index.ts": "232377ed88807c47",
    "packages/hooks/test/handlers.test.ts": "7ee4ef539bfc7e09",
    "packages/hooks/test/index.test.ts": "258fb0dedd59857e",
    "packages/mcp/src/index.ts": "b4a2b1356425a1b3",
    "packages/mcp/src/main.ts": "3a7d66647ac9427f",
    "packages/mcp/src/server.ts": "145974b3cfce190f",
    "packages/mcp/test/index.test.ts": "11c5c109167c3e04",
    "packages/mcp/test/server.test.ts": "dac09b0976ae85bc",
    "packages/meter/src/audit-render.ts": "069761d8f6148343",
    "packages/meter/src/badge.ts": "449db0096ba2a961",
    "packages/meter/src/bench.ts": "39c8804d2edcb47a",
    "packages/meter/src/claude-compat.ts": "d26fc4ed04fe7849",
    "packages/meter/src/cli.ts": "da65e28e185663c1",
    "packages/meter/src/cost.ts": "44b677a23512d310",
    "packages/meter/src/discipline.ts": "7fa68a459239f57f",
    "packages/meter/src/doctor.ts": "05da16aa16f6722d",
    "packages/meter/src/energy.ts": "9c7ae872c20fce6c",
    "packages/meter/src/index.ts": "b2e28c488f625f73",
    "packages/meter/src/installer.ts": "c87d7db47ce0e2ad",
    "packages/meter/src/ledger.ts": "cfb870cec5663f95",
    "packages/meter/src/parser.ts": "b8817f40da20f2db",
    "packages/meter/src/report.ts": "bbc9082d3a1c77eb",
    "packages/meter/src/scoring.ts": "5c6a5d6a125cc78c",
    "packages/meter/src/sidecar-cli.ts": "3c812c43b1509a68",
    "packages/meter/test/audit-render.test.ts": "7603a5490f6f1680",
    "packages/meter/test/badge.test.ts": "a65f8a991e800ea9",
    "packages/meter/test/bench.test.ts": "fe30586704bdc33e",
    "packages/meter/test/bin.test.ts": "65bc4a5a3044f073",
    "packages/meter/test/cost.test.ts": "7e63c69f65fee16c",
    "packages/meter/test/discipline.test.ts": "aa4f484012d2225a",
    "packages/meter/test/doctor.test.ts": "2740ecd6337fd50d",
    "packages/meter/test/e2e-smoke.test.ts": "e6d5667132f3f15e",
    "packages/meter/test/energy.test.ts": "defce14488bad12a",
    "packages/meter/test/index.test.ts": "2978912d3fb5fc60",
    "packages/meter/test/installer.test.ts": "f3c32c22566a0f95",
    "packages/meter/test/ledger.test.ts": "524c4dfe9be58038",
    "packages/meter/test/pack.test.ts": "ac0aa6a7e970a585",
    "packages/meter/test/parser.test.ts": "d0c7b5d50c3f2384",
    "packages/meter/test/readme.test.ts": "8caff42eb6f834c5",
    "packages/meter/test/report.test.ts": "7e9ee5ad4099f402",
    "packages/meter/test/scoring.test.ts": "51a78b96de1aad3e",
    "packages/meter/test/security.test.ts": "312633166a7d28f5",
    "packages/meter/test/sidecar-cli.test.ts": "72072cf633543e7f",
    "packages/shared/src/audit-file.ts": "13b4f1ab3be7c581",
    "packages/shared/src/index.ts": "03c2f01db0cd6557",
    "packages/shared/src/limits.ts": "d09955e7b34c53a5",
    "packages/shared/src/schemas.ts": "c684c08c02341b56",
    "packages/shared/src/yaml.ts": "9288401111a74fa5",
    "packages/shared/test/limits.test.ts": "efa5d4473a2da8b1",
    "packages/shared/test/schemas.test.ts": "d2aa218d43d7e505",
    "packages/shared/test/yaml.test.ts": "d4766d3996ec0252",
    "packages/sidecar/src/audit.ts": "7befe5054daebfd9",
    "packages/sidecar/src/client.ts": "5d6a5fe8aab33a73",
    "packages/sidecar/src/codex.ts": "f481dfd0ade77d30",
    "packages/sidecar/src/daemon-main.ts": "9059e2c1ed170d85",
    "packages/sidecar/src/daemon.ts": "98d7f1a188b7a85e",
    "packages/sidecar/src/distill.ts": "3dd44f0185b5258e",
    "packages/sidecar/src/gates.ts": "07932b069c4e34cf",
    "packages/sidecar/src/index.ts": "80d20da08fc19991",
    "packages/sidecar/src/llm.ts": "34c91f059665933a",
    "packages/sidecar/src/log.ts": "76c6b6a915a42baf",
    "packages/sidecar/src/redact.ts": "087f622d35b21373",
    "packages/sidecar/src/serve.ts": "98f830d3ee17798b",
    "packages/sidecar/src/skeleton.ts": "affeb3c4f1884236",
    "packages/sidecar/src/state.ts": "5bb5bf7075cb32f6",
    "packages/sidecar/src/store.ts": "dc7de3924a91f092",
    "packages/sidecar/test/audit.test.ts": "31848081bf3b4ac9",
    "packages/sidecar/test/codex.test.ts": "4a5c1e36c8a1549f",
    "packages/sidecar/test/daemon-distill.test.ts": "490366e794763188",
    "packages/sidecar/test/daemon.test.ts": "0eed3ead6f28fc46",
    "packages/sidecar/test/distill.test.ts": "fad0576d6b45cd42",
    "packages/sidecar/test/gates.test.ts": "cd2218a7afff6f2d",
    "packages/sidecar/test/index.test.ts": "1fcb1e5abdfcba14",
    "packages/sidecar/test/redact.test.ts": "63a9ba3922f68c5e",
    "packages/sidecar/test/serve.test.ts": "f2e6c0b31bf53fc2",
    "packages/sidecar/test/state.test.ts": "09dd350adc6dcd05",
    "packages/sidecar/test/store.test.ts": "ed1efdba850f8452",
    "scripts/canary.mjs": "dcd0e7035f265efb",
    "scripts/gen-fixtures.mjs": "7fd233480c4c9367",
    "scripts/measure-ratios.mjs": "079bdca601d0425f",
    "scripts/prepublish-check.mjs": "b88a050aa6562852",
    "scripts/sbom.mjs": "3fd660811b659aad",
    "vitest.workspace.ts": "e7bfa39b80ce734c",
    "packages/sidecar/test/session-attribution.test.ts": "b657e1897d907de8",
    "packages/meter/test/cli-args.test.ts": "ef0f60fc6bdea2c7"
  }
}
